
Microsoft Visual Studio Solution File, Format Version 12.00
# Visual Studio Version 17
VisualStudioVersion = 17.5.33627.172
MinimumVisualStudioVersion = 10.0.40219.1
Project("{FAE04EC0-301F-11D3-BF4B-00C04F79EFBC}") = "BTL WINDOW", "BTL WINDOW\BTL WINDOW.csproj", "{745DF44B-A20F-4B78-9B1D-4C416964563B}"
EndProject
Project("{FAE04EC0-301F-11D3-BF4B-00C04F79EFBC}") = "Bott", "Bott\Bott.csproj", "{84CF47E1-9B14-47FF-8CA8-5CAAE288BE19}"
EndProject
Global
	GlobalSection(SolutionConfigurationPlatforms) = preSolution
		Debug|Any CPU = Debug|Any CPU
		Release|Any CPU = Release|Any CPU
	EndGlobalSection
	GlobalSection(ProjectConfigurationPlatforms) = postSolution
		{745DF44B-A20F-4B78-9B1D-4C416964563B}.Debug|Any CPU.ActiveCfg = Debug|Any CPU
		{745DF44B-A20F-4B78-9B1D-4C416964563B}.Debug|Any CPU.Build.0 = Debug|Any CPU
		{745DF44B-A20F-4B78-9B1D-4C416964563B}.Release|Any CPU.ActiveCfg = Release|Any CPU
		{745DF44B-A20F-4B78-9B1D-4C416964563B}.Release|Any CPU.Build.0 = Release|Any CPU
		{84CF47E1-9B14-47FF-8CA8-5CAAE288BE19}.Debug|Any CPU.ActiveCfg = Debug|Any CPU
		{84CF47E1-9B14-47FF-8CA8-5CAAE288BE19}.Debug|Any CPU.Build.0 = Debug|Any CPU
		{84CF47E1-9B14-47FF-8CA8-5CAAE288BE19}.Release|Any CPU.ActiveCfg = Release|Any CPU
		{84CF47E1-9B14-47FF-8CA8-5CAAE288BE19}.Release|Any CPU.Build.0 = Release|Any CPU
	EndGlobalSection
	GlobalSection(SolutionProperties) = preSolution
		HideSolutionNode = FALSE
	EndGlobalSection
	GlobalSection(ExtensibilityGlobals) = postSolution
		SolutionGuid = {2907CFDD-3457-4024-B768-F80A9524A274}
	EndGlobalSection
EndGlobal
